
Microsoft Visual Studio Solution File, Format Version 12.00
# Visual Studio 15
VisualStudioVersion = 15.0.28307.168
MinimumVisualStudioVersion = 10.0.40219.1
Project("{FAE04EC0-301F-11D3-BF4B-00C04F79EFBC}") = "MailSender", "MailSender\MailSender.csproj", "{3DB37358-D390-4ECF-BB60-968582273037}"
EndProject
Project("{FAE04EC0-301F-11D3-BF4B-00C04F79EFBC}") = "ExampleMailSender", "ExampleMailSender\ExampleMailSender.csproj", "{2C7D50CB-73A1-4DB3-840A-0A5259FB7E01}"
EndProject
Global
	GlobalSection(SolutionConfigurationPlatforms) = preSolution
		Debug|Any CPU = Debug|Any CPU
		Release|Any CPU = Release|Any CPU
	EndGlobalSection
	GlobalSection(ProjectConfigurationPlatforms) = postSolution
		{3DB37358-D390-4ECF-BB60-968582273037}.Debug|Any CPU.ActiveCfg = Debug|Any CPU
		{3DB37358-D390-4ECF-BB60-968582273037}.Debug|Any CPU.Build.0 = Debug|Any CPU
		{3DB37358-D390-4ECF-BB60-968582273037}.Release|Any CPU.ActiveCfg = Release|Any CPU
		{3DB37358-D390-4ECF-BB60-968582273037}.Release|Any CPU.Build.0 = Release|Any CPU
		{2C7D50CB-73A1-4DB3-840A-0A5259FB7E01}.Debug|Any CPU.ActiveCfg = Debug|Any CPU
		{2C7D50CB-73A1-4DB3-840A-0A5259FB7E01}.Debug|Any CPU.Build.0 = Debug|Any CPU
		{2C7D50CB-73A1-4DB3-840A-0A5259FB7E01}.Release|Any CPU.ActiveCfg = Release|Any CPU
		{2C7D50CB-73A1-4DB3-840A-0A5259FB7E01}.Release|Any CPU.Build.0 = Release|Any CPU
	EndGlobalSection
	GlobalSection(SolutionProperties) = preSolution
		HideSolutionNode = FALSE
	EndGlobalSection
	GlobalSection(ExtensibilityGlobals) = postSolution
		SolutionGuid = {C279075E-CD95-4591-9570-8C09CEA220A9}
	EndGlobalSection
EndGlobal
